
Microsoft Visual Studio Solution File, Format Version 12.00
# Visual Studio Version 16
VisualStudioVersion = 16.0.31025.194
MinimumVisualStudioVersion = 10.0.40219.1
Project("{159641D6-6404-4A2A-AE62-294DE0FE8301}") = "PetCare_Dw", "PetCare_Dw.dtproj", "{6A6097AF-5CEB-4128-8038-8593D0B7BB9E}"
EndProject
Global
	GlobalSection(SolutionConfigurationPlatforms) = preSolution
		Development|Default = Development|Default
	EndGlobalSection
	GlobalSection(ProjectConfigurationPlatforms) = postSolution
		{6A6097AF-5CEB-4128-8038-8593D0B7BB9E}.Development|Default.ActiveCfg = Development
		{6A6097AF-5CEB-4128-8038-8593D0B7BB9E}.Development|Default.Build.0 = Development
	EndGlobalSection
	GlobalSection(SolutionProperties) = preSolution
		HideSolutionNode = FALSE
	EndGlobalSection
	GlobalSection(ExtensibilityGlobals) = postSolution
		SolutionGuid = {326A30E3-6996-46B9-BBC3-096D4C3D3F52}
	EndGlobalSection
EndGlobal
