
Microsoft Visual Studio Solution File, Format Version 12.00
# Visual Studio Version 16
VisualStudioVersion = 16.0.31025.194
MinimumVisualStudioVersion = 10.0.40219.1
Project("{D2ABAB84-BF74-430A-B69E-9DC6D40DDA17}") = "PETCARE_OLAP", "PETCARE_OLAP.dwproj", "{796FCD62-8C06-4F18-90D7-DFC140BB5A08}"
EndProject
Global
	GlobalSection(SolutionConfigurationPlatforms) = preSolution
		Development|Default = Development|Default
	EndGlobalSection
	GlobalSection(ProjectConfigurationPlatforms) = postSolution
		{796FCD62-8C06-4F18-90D7-DFC140BB5A08}.Development|Default.ActiveCfg = Development
		{796FCD62-8C06-4F18-90D7-DFC140BB5A08}.Development|Default.Build.0 = Development
		{796FCD62-8C06-4F18-90D7-DFC140BB5A08}.Development|Default.Deploy.0 = Development
	EndGlobalSection
	GlobalSection(SolutionProperties) = preSolution
		HideSolutionNode = FALSE
	EndGlobalSection
	GlobalSection(ExtensibilityGlobals) = postSolution
		SolutionGuid = {F0424A64-444A-479C-85D6-BE1053C37940}
	EndGlobalSection
EndGlobal
